
Microsoft Visual Studio Solution File, Format Version 12.00
# Visual Studio 14
VisualStudioVersion = 14.0.22609.0
MinimumVisualStudioVersion = 10.0.40219.1
Project("{FAE04EC0-301F-11D3-BF4B-00C04F79EFBC}") = "RepairPartsCatalog.Domain.Entities", "RepairPartsCatalog.Domain.Entities\RepairPartsCatalog.Domain.Entities.csproj", "{EB95CE0C-55F8-4A89-899C-A554BD7BF0ED}"
EndProject
Project("{FAE04EC0-301F-11D3-BF4B-00C04F79EFBC}") = "RepairPartsCatalog.Domain.Data", "RepairPartsCatalog.Domain.Data\RepairPartsCatalog.Domain.Data.csproj", "{C1F4BE00-59A7-4BA1-8ED7-EAC0691229A4}"
EndProject
Project("{FAE04EC0-301F-11D3-BF4B-00C04F79EFBC}") = "RepairPartsCatalog.TestConsoleApp", "RepairPartsCatalog.TestConsoleApp\RepairPartsCatalog.TestConsoleApp.csproj", "{2FB26888-1BE9-47B1-9060-7E9AFAD56450}"
EndProject
Project("{8BB2217D-0F2D-49D1-97BC-3654ED321F3B}") = "RepairPartsCatalog.Web", "RepairPartsCatalog.Web\RepairPartsCatalog.Web.kproj", "{05CAEF1B-F3E5-4FB2-8DC2-51E1943FC405}"
EndProject
Global
	GlobalSection(SolutionConfigurationPlatforms) = preSolution
		Debug|Any CPU = Debug|Any CPU
		Release|Any CPU = Release|Any CPU
	EndGlobalSection
	GlobalSection(ProjectConfigurationPlatforms) = postSolution
		{EB95CE0C-55F8-4A89-899C-A554BD7BF0ED}.Debug|Any CPU.ActiveCfg = Debug|Any CPU
		{EB95CE0C-55F8-4A89-899C-A554BD7BF0ED}.Debug|Any CPU.Build.0 = Debug|Any CPU
		{EB95CE0C-55F8-4A89-899C-A554BD7BF0ED}.Release|Any CPU.ActiveCfg = Release|Any CPU
		{EB95CE0C-55F8-4A89-899C-A554BD7BF0ED}.Release|Any CPU.Build.0 = Release|Any CPU
		{C1F4BE00-59A7-4BA1-8ED7-EAC0691229A4}.Debug|Any CPU.ActiveCfg = Debug|Any CPU
		{C1F4BE00-59A7-4BA1-8ED7-EAC0691229A4}.Debug|Any CPU.Build.0 = Debug|Any CPU
		{C1F4BE00-59A7-4BA1-8ED7-EAC0691229A4}.Release|Any CPU.ActiveCfg = Release|Any CPU
		{C1F4BE00-59A7-4BA1-8ED7-EAC0691229A4}.Release|Any CPU.Build.0 = Release|Any CPU
		{2FB26888-1BE9-47B1-9060-7E9AFAD56450}.Debug|Any CPU.ActiveCfg = Debug|Any CPU
		{2FB26888-1BE9-47B1-9060-7E9AFAD56450}.Debug|Any CPU.Build.0 = Debug|Any CPU
		{2FB26888-1BE9-47B1-9060-7E9AFAD56450}.Release|Any CPU.ActiveCfg = Release|Any CPU
		{2FB26888-1BE9-47B1-9060-7E9AFAD56450}.Release|Any CPU.Build.0 = Release|Any CPU
		{05CAEF1B-F3E5-4FB2-8DC2-51E1943FC405}.Debug|Any CPU.ActiveCfg = Debug|Any CPU
		{05CAEF1B-F3E5-4FB2-8DC2-51E1943FC405}.Debug|Any CPU.Build.0 = Debug|Any CPU
		{05CAEF1B-F3E5-4FB2-8DC2-51E1943FC405}.Release|Any CPU.ActiveCfg = Release|Any CPU
		{05CAEF1B-F3E5-4FB2-8DC2-51E1943FC405}.Release|Any CPU.Build.0 = Release|Any CPU
	EndGlobalSection
	GlobalSection(SolutionProperties) = preSolution
		HideSolutionNode = FALSE
	EndGlobalSection
EndGlobal
